
Microsoft Visual Studio Solution File, Format Version 12.00
# Visual Studio Version 16
VisualStudioVersion = 16.0.31515.178
MinimumVisualStudioVersion = 10.0.40219.1
Project("{FAE04EC0-301F-11D3-BF4B-00C04F79EFBC}") = "ExampleOfIEnumerable", "ExampleOfIEnumerable\ExampleOfIEnumerable.csproj", "{1B93EE83-B86F-4995-BD05-C48F1B30863D}"
EndProject
Global
	GlobalSection(SolutionConfigurationPlatforms) = preSolution
		Debug|Any CPU = Debug|Any CPU
		Release|Any CPU = Release|Any CPU
	EndGlobalSection
	GlobalSection(ProjectConfigurationPlatforms) = postSolution
		{1B93EE83-B86F-4995-BD05-C48F1B30863D}.Debug|Any CPU.ActiveCfg = Debug|Any CPU
		{1B93EE83-B86F-4995-BD05-C48F1B30863D}.Debug|Any CPU.Build.0 = Debug|Any CPU
		{1B93EE83-B86F-4995-BD05-C48F1B30863D}.Release|Any CPU.ActiveCfg = Release|Any CPU
		{1B93EE83-B86F-4995-BD05-C48F1B30863D}.Release|Any CPU.Build.0 = Release|Any CPU
	EndGlobalSection
	GlobalSection(SolutionProperties) = preSolution
		HideSolutionNode = FALSE
	EndGlobalSection
	GlobalSection(ExtensibilityGlobals) = postSolution
		SolutionGuid = {B36C36CE-B3D5-4AE2-A5FA-70030AB82EB2}
	EndGlobalSection
EndGlobal
